// !$*UTF8*$!
{
	archiveVersion = 1;
	classes = {
	};
	objectVersion = 52;
	objects = {

/* Begin PBXBuildFile section */
		C086B36426C434E100339405 /* AppDelegate.swift in Sources */ = {isa = PBXBuildFile; fileRef = C086B36326C434E100339405 /* AppDelegate.swift */; };
		C086B36626C434E100339405 /* LoginViewController.swift in Sources */ = {isa = PBXBuildFile; fileRef = C086B36526C434E100339405 /* LoginViewController.swift */; };
		C086B36826C434E600339405 /* Assets.xcassets in Resources */ = {isa = PBXBuildFile; fileRef = C086B36726C434E600339405 /* Assets.xcassets */; };
		C086B36B26C434E600339405 /* Main.storyboard in Resources */ = {isa = PBXBuildFile; fileRef = C086B36926C434E600339405 /* Main.storyboard */; };
		C086B37526C435F000339405 /* SnapKit in Frameworks */ = {isa = PBXBuildFile; productRef = C086B37426C435F000339405 /* SnapKit */; };
		C086B37826C4360A00339405 /* LoremSwiftum in Frameworks */ = {isa = PBXBuildFile; productRef = C086B37726C4360A00339405 /* LoremSwiftum */; };
		C099357526C44D8D006E8B60 /* Alamofire in Frameworks */ = {isa = PBXBuildFile; productRef = C099357426C44D8D006E8B60 /* Alamofire */; };
		C099357826C44DF4006E8B60 /* Kingfisher in Frameworks */ = {isa = PBXBuildFile; productRef = C099357726C44DF4006E8B60 /* Kingfisher */; };
		C099357A26C44F43006E8B60 /* Api.swift in Sources */ = {isa = PBXBuildFile; fileRef = C099357926C44F43006E8B60 /* Api.swift */; };
		C099357D26C45001006E8B60 /* Channel.swift in Sources */ = {isa = PBXBuildFile; fileRef = C099357C26C45001006E8B60 /* Channel.swift */; };
		C099357F26C58152006E8B60 /* User.swift in Sources */ = {isa = PBXBuildFile; fileRef = C099357E26C58152006E8B60 /* User.swift */; };
		C099358226C58A23006E8B60 /* JSONDecoderExtensions.swift in Sources */ = {isa = PBXBuildFile; fileRef = C099358126C58A23006E8B60 /* JSONDecoderExtensions.swift */; };
/* End PBXBuildFile section */

/* Begin PBXFileReference section */
		C086B36026C434E100339405 /* DI.fm App.app */ = {isa = PBXFileReference; explicitFileType = wrapper.application; includeInIndex = 0; path = "DI.fm App.app"; sourceTree = BUILT_PRODUCTS_DIR; };
		C086B36326C434E100339405 /* AppDelegate.swift */ = {isa = PBXFileReference; lastKnownFileType = sourcecode.swift; path = AppDelegate.swift; sourceTree = "<group>"; };
		C086B36526C434E100339405 /* LoginViewController.swift */ = {isa = PBXFileReference; lastKnownFileType = sourcecode.swift; path = LoginViewController.swift; sourceTree = "<group>"; };
		C086B36726C434E600339405 /* Assets.xcassets */ = {isa = PBXFileReference; lastKnownFileType = folder.assetcatalog; path = Assets.xcassets; sourceTree = "<group>"; };
		C086B36A26C434E600339405 /* Base */ = {isa = PBXFileReference; lastKnownFileType = file.storyboard; name = Base; path = Base.lproj/Main.storyboard; sourceTree = "<group>"; };
		C086B36C26C434E600339405 /* Info.plist */ = {isa = PBXFileReference; lastKnownFileType = text.plist.xml; path = Info.plist; sourceTree = "<group>"; };
		C086B36D26C434E600339405 /* DI_fm_App.entitlements */ = {isa = PBXFileReference; lastKnownFileType = text.plist.entitlements; path = DI_fm_App.entitlements; sourceTree = "<group>"; };
		C099357926C44F43006E8B60 /* Api.swift */ = {isa = PBXFileReference; lastKnownFileType = sourcecode.swift; path = Api.swift; sourceTree = "<group>"; };
		C099357C26C45001006E8B60 /* Channel.swift */ = {isa = PBXFileReference; lastKnownFileType = sourcecode.swift; path = Channel.swift; sourceTree = "<group>"; };
		C099357E26C58152006E8B60 /* User.swift */ = {isa = PBXFileReference; lastKnownFileType = sourcecode.swift; path = User.swift; sourceTree = "<group>"; };
		C099358126C58A23006E8B60 /* JSONDecoderExtensions.swift */ = {isa = PBXFileReference; lastKnownFileType = sourcecode.swift; path = JSONDecoderExtensions.swift; sourceTree = "<group>"; };
/* End PBXFileReference section */

/* Begin PBXFrameworksBuildPhase section */
		C086B35D26C434E100339405 /* Frameworks */ = {
			isa = PBXFrameworksBuildPhase;
			buildActionMask = 2147483647;
			files = (
				C099357826C44DF4006E8B60 /* Kingfisher in Frameworks */,
				C099357526C44D8D006E8B60 /* Alamofire in Frameworks */,
				C086B37826C4360A00339405 /* LoremSwiftum in Frameworks */,
				C086B37526C435F000339405 /* SnapKit in Frameworks */,
			);
			runOnlyForDeploymentPostprocessing = 0;
		};
/* End PBXFrameworksBuildPhase section */

/* Begin PBXGroup section */
		C086B35726C434E100339405 = {
			isa = PBXGroup;
			children = (
				C086B36226C434E100339405 /* DI.fm App */,
				C086B36126C434E100339405 /* Products */,
			);
			sourceTree = "<group>";
		};
		C086B36126C434E100339405 /* Products */ = {
			isa = PBXGroup;
			children = (
				C086B36026C434E100339405 /* DI.fm App.app */,
			);
			name = Products;
			sourceTree = "<group>";
		};
		C086B36226C434E100339405 /* DI.fm App */ = {
			isa = PBXGroup;
			children = (
				C099356D26C44C07006E8B60 /* Resources */,
				C099356C26C44C01006E8B60 /* Sources */,
				C086B36326C434E100339405 /* AppDelegate.swift */,
				C086B36526C434E100339405 /* LoginViewController.swift */,
				C086B36726C434E600339405 /* Assets.xcassets */,
				C086B36926C434E600339405 /* Main.storyboard */,
				C086B36C26C434E600339405 /* Info.plist */,
				C086B36D26C434E600339405 /* DI_fm_App.entitlements */,
			);
			path = "DI.fm App";
			sourceTree = "<group>";
		};
		C099356C26C44C01006E8B60 /* Sources */ = {
			isa = PBXGroup;
			children = (
				C099358026C58A0C006E8B60 /* Extensions */,
				C099357B26C44FF7006E8B60 /* Models */,
				C099356F26C44C20006E8B60 /* Network */,
				C099356E26C44C18006E8B60 /* Concerns */,
			);
			path = Sources;
			sourceTree = "<group>";
		};
		C099356D26C44C07006E8B60 /* Resources */ = {
			isa = PBXGroup;
			children = (
			);
			path = Resources;
			sourceTree = "<group>";
		};
		C099356E26C44C18006E8B60 /* Concerns */ = {
			isa = PBXGroup;
			children = (
			);
			path = Concerns;
			sourceTree = "<group>";
		};
		C099356F26C44C20006E8B60 /* Network */ = {
			isa = PBXGroup;
			children = (
				C099357926C44F43006E8B60 /* Api.swift */,
			);
			path = Network;
			sourceTree = "<group>";
		};
		C099357B26C44FF7006E8B60 /* Models */ = {
			isa = PBXGroup;
			children = (
				C099357C26C45001006E8B60 /* Channel.swift */,
				C099357E26C58152006E8B60 /* User.swift */,
			);
			path = Models;
			sourceTree = "<group>";
		};
		C099358026C58A0C006E8B60 /* Extensions */ = {
			isa = PBXGroup;
			children = (
				C099358126C58A23006E8B60 /* JSONDecoderExtensions.swift */,
			);
			path = Extensions;
			sourceTree = "<group>";
		};
/* End PBXGroup section */

/* Begin PBXNativeTarget section */
		C086B35F26C434E100339405 /* DI.fm App */ = {
			isa = PBXNativeTarget;
			buildConfigurationList = C086B37026C434E600339405 /* Build configuration list for PBXNativeTarget "DI.fm App" */;
			buildPhases = (
				C086B35C26C434E100339405 /* Sources */,
				C086B35D26C434E100339405 /* Frameworks */,
				C086B35E26C434E100339405 /* Resources */,
			);
			buildRules = (
			);
			dependencies = (
			);
			name = "DI.fm App";
			packageProductDependencies = (
				C086B37426C435F000339405 /* SnapKit */,
				C086B37726C4360A00339405 /* LoremSwiftum */,
				C099357426C44D8D006E8B60 /* Alamofire */,
				C099357726C44DF4006E8B60 /* Kingfisher */,
			);
			productName = "DI.fm App";
			productReference = C086B36026C434E100339405 /* DI.fm App.app */;
			productType = "com.apple.product-type.application";
		};
/* End PBXNativeTarget section */

/* Begin PBXProject section */
		C086B35826C434E100339405 /* Project object */ = {
			isa = PBXProject;
			attributes = {
				LastSwiftUpdateCheck = 1250;
				LastUpgradeCheck = 1250;
				TargetAttributes = {
					C086B35F26C434E100339405 = {
						CreatedOnToolsVersion = 12.5.1;
					};
				};
			};
			buildConfigurationList = C086B35B26C434E100339405 /* Build configuration list for PBXProject "DI.fm App" */;
			compatibilityVersion = "Xcode 9.3";
			developmentRegion = en;
			hasScannedForEncodings = 0;
			knownRegions = (
				en,
				Base,
			);
			mainGroup = C086B35726C434E100339405;
			packageReferences = (
				C086B37326C435F000339405 /* XCRemoteSwiftPackageReference "SnapKit" */,
				C086B37626C4360A00339405 /* XCRemoteSwiftPackageReference "LoremSwiftum" */,
				C099357326C44D8D006E8B60 /* XCRemoteSwiftPackageReference "Alamofire" */,
				C099357626C44DF4006E8B60 /* XCRemoteSwiftPackageReference "Kingfisher" */,
			);
			productRefGroup = C086B36126C434E100339405 /* Products */;
			projectDirPath = "";
			projectRoot = "";
			targets = (
				C086B35F26C434E100339405 /* DI.fm App */,
			);
		};
/* End PBXProject section */

/* Begin PBXResourcesBuildPhase section */
		C086B35E26C434E100339405 /* Resources */ = {
			isa = PBXResourcesBuildPhase;
			buildActionMask = 2147483647;
			files = (
				C086B36826C434E600339405 /* Assets.xcassets in Resources */,
				C086B36B26C434E600339405 /* Main.storyboard in Resources */,
			);
			runOnlyForDeploymentPostprocessing = 0;
		};
/* End PBXResourcesBuildPhase section */

/* Begin PBXSourcesBuildPhase section */
		C086B35C26C434E100339405 /* Sources */ = {
			isa = PBXSourcesBuildPhase;
			buildActionMask = 2147483647;
			files = (
				C099357A26C44F43006E8B60 /* Api.swift in Sources */,
				C099357D26C45001006E8B60 /* Channel.swift in Sources */,
				C086B36626C434E100339405 /* LoginViewController.swift in Sources */,
				C099357F26C58152006E8B60 /* User.swift in Sources */,
				C099358226C58A23006E8B60 /* JSONDecoderExtensions.swift in Sources */,
				C086B36426C434E100339405 /* AppDelegate.swift in Sources */,
			);
			runOnlyForDeploymentPostprocessing = 0;
		};
/* End PBXSourcesBuildPhase section */

/* Begin PBXVariantGroup section */
		C086B36926C434E600339405 /* Main.storyboard */ = {
			isa = PBXVariantGroup;
			children = (
				C086B36A26C434E600339405 /* Base */,
			);
			name = Main.storyboard;
			sourceTree = "<group>";
		};
/* End PBXVariantGroup section */

/* Begin XCBuildConfiguration section */
		C086B36E26C434E600339405 /* Debug */ = {
			isa = XCBuildConfiguration;
			buildSettings = {
				ALWAYS_SEARCH_USER_PATHS = NO;
				CLANG_ANALYZER_NONNULL = YES;
				CLANG_ANALYZER_NUMBER_OBJECT_CONVERSION = YES_AGGRESSIVE;
				CLANG_CXX_LANGUAGE_STANDARD = "gnu++14";
				CLANG_CXX_LIBRARY = "libc++";
				CLANG_ENABLE_MODULES = YES;
				CLANG_ENABLE_OBJC_ARC = YES;
				CLANG_ENABLE_OBJC_WEAK = YES;
				CLANG_WARN_BLOCK_CAPTURE_AUTORELEASING = YES;
				CLANG_WARN_BOOL_CONVERSION = YES;
				CLANG_WARN_COMMA = YES;
				CLANG_WARN_CONSTANT_CONVERSION = YES;
				CLANG_WARN_DEPRECATED_OBJC_IMPLEMENTATIONS = YES;
				CLANG_WARN_DIRECT_OBJC_ISA_USAGE = YES_ERROR;
				CLANG_WARN_DOCUMENTATION_COMMENTS = YES;
				CLANG_WARN_EMPTY_BODY = YES;
				CLANG_WARN_ENUM_CONVERSION = YES;
				CLANG_WARN_INFINITE_RECURSION = YES;
				CLANG_WARN_INT_CONVERSION = YES;
				CLANG_WARN_NON_LITERAL_NULL_CONVERSION = YES;
				CLANG_WARN_OBJC_IMPLICIT_RETAIN_SELF = YES;
				CLANG_WARN_OBJC_LITERAL_CONVERSION = YES;
				CLANG_WARN_OBJC_ROOT_CLASS = YES_ERROR;
				CLANG_WARN_QUOTED_INCLUDE_IN_FRAMEWORK_HEADER = YES;
				CLANG_WARN_RANGE_LOOP_ANALYSIS = YES;
				CLANG_WARN_STRICT_PROTOTYPES = YES;
				CLANG_WARN_SUSPICIOUS_MOVE = YES;
				CLANG_WARN_UNGUARDED_AVAILABILITY = YES_AGGRESSIVE;
				CLANG_WARN_UNREACHABLE_CODE = YES;
				CLANG_WARN__DUPLICATE_METHOD_MATCH = YES;
				COPY_PHASE_STRIP = NO;
				DEBUG_INFORMATION_FORMAT = dwarf;
				ENABLE_STRICT_OBJC_MSGSEND = YES;
				ENABLE_TESTABILITY = YES;
				GCC_C_LANGUAGE_STANDARD = gnu11;
				GCC_DYNAMIC_NO_PIC = NO;
				GCC_NO_COMMON_BLOCKS = YES;
				GCC_OPTIMIZATION_LEVEL = 0;
				GCC_PREPROCESSOR_DEFINITIONS = (
					"DEBUG=1",
					"$(inherited)",
				);
				GCC_WARN_64_TO_32_BIT_CONVERSION = YES;
				GCC_WARN_ABOUT_RETURN_TYPE = YES_ERROR;
				GCC_WARN_UNDECLARED_SELECTOR = YES;
				GCC_WARN_UNINITIALIZED_AUTOS = YES_AGGRESSIVE;
				GCC_WARN_UNUSED_FUNCTION = YES;
				GCC_WARN_UNUSED_VARIABLE = YES;
				MACOSX_DEPLOYMENT_TARGET = 11.3;
				MTL_ENABLE_DEBUG_INFO = INCLUDE_SOURCE;
				MTL_FAST_MATH = YES;
				ONLY_ACTIVE_ARCH = YES;
				SDKROOT = macosx;
				SWIFT_ACTIVE_COMPILATION_CONDITIONS = DEBUG;
				SWIFT_OPTIMIZATION_LEVEL = "-Onone";
			};
			name = Debug;
		};
		C086B36F26C434E600339405 /* Release */ = {
			isa = XCBuildConfiguration;
			buildSettings = {
				ALWAYS_SEARCH_USER_PATHS = NO;
				CLANG_ANALYZER_NONNULL = YES;
				CLANG_ANALYZER_NUMBER_OBJECT_CONVERSION = YES_AGGRESSIVE;
				CLANG_CXX_LANGUAGE_STANDARD = "gnu++14";
				CLANG_CXX_LIBRARY = "libc++";
				CLANG_ENABLE_MODULES = YES;
				CLANG_ENABLE_OBJC_ARC = YES;
				CLANG_ENABLE_OBJC_WEAK = YES;
				CLANG_WARN_BLOCK_CAPTURE_AUTORELEASING = YES;
				CLANG_WARN_BOOL_CONVERSION = YES;
				CLANG_WARN_COMMA = YES;
				CLANG_WARN_CONSTANT_CONVERSION = YES;
				CLANG_WARN_DEPRECATED_OBJC_IMPLEMENTATIONS = YES;
				CLANG_WARN_DIRECT_OBJC_ISA_USAGE = YES_ERROR;
				CLANG_WARN_DOCUMENTATION_COMMENTS = YES;
				CLANG_WARN_EMPTY_BODY = YES;
				CLANG_WARN_ENUM_CONVERSION = YES;
				CLANG_WARN_INFINITE_RECURSION = YES;
				CLANG_WARN_INT_CONVERSION = YES;
				CLANG_WARN_NON_LITERAL_NULL_CONVERSION = YES;
				CLANG_WARN_OBJC_IMPLICIT_RETAIN_SELF = YES;
				CLANG_WARN_OBJC_LITERAL_CONVERSION = YES;
				CLANG_WARN_OBJC_ROOT_CLASS = YES_ERROR;
				CLANG_WARN_QUOTED_INCLUDE_IN_FRAMEWORK_HEADER = YES;
				CLANG_WARN_RANGE_LOOP_ANALYSIS = YES;
				CLANG_WARN_STRICT_PROTOTYPES = YES;
				CLANG_WARN_SUSPICIOUS_MOVE = YES;
				CLANG_WARN_UNGUARDED_AVAILABILITY = YES_AGGRESSIVE;
				CLANG_WARN_UNREACHABLE_CODE = YES;
				CLANG_WARN__DUPLICATE_METHOD_MATCH = YES;
				COPY_PHASE_STRIP = NO;
				DEBUG_INFORMATION_FORMAT = "dwarf-with-dsym";
				ENABLE_NS_ASSERTIONS = NO;
				ENABLE_STRICT_OBJC_MSGSEND = YES;
				GCC_C_LANGUAGE_STANDARD = gnu11;
				GCC_NO_COMMON_BLOCKS = YES;
				GCC_WARN_64_TO_32_BIT_CONVERSION = YES;
				GCC_WARN_ABOUT_RETURN_TYPE = YES_ERROR;
				GCC_WARN_UNDECLARED_SELECTOR = YES;
				GCC_WARN_UNINITIALIZED_AUTOS = YES_AGGRESSIVE;
				GCC_WARN_UNUSED_FUNCTION = YES;
				GCC_WARN_UNUSED_VARIABLE = YES;
				MACOSX_DEPLOYMENT_TARGET = 11.3;
				MTL_ENABLE_DEBUG_INFO = NO;
				MTL_FAST_MATH = YES;
				SDKROOT = macosx;
				SWIFT_COMPILATION_MODE = wholemodule;
				SWIFT_OPTIMIZATION_LEVEL = "-O";
			};
			name = Release;
		};
		C086B37126C434E600339405 /* Debug */ = {
			isa = XCBuildConfiguration;
			buildSettings = {
				ASSETCATALOG_COMPILER_APPICON_NAME = AppIcon;
				ASSETCATALOG_COMPILER_GLOBAL_ACCENT_COLOR_NAME = AccentColor;
				CODE_SIGN_ENTITLEMENTS = "DI.fm App/DI_fm_App.entitlements";
				CODE_SIGN_STYLE = Automatic;
				COMBINE_HIDPI_IMAGES = YES;
				DEVELOPMENT_TEAM = NB9H4QZ367;
				ENABLE_HARDENED_RUNTIME = YES;
				INFOPLIST_FILE = "DI.fm App/Info.plist";
				LD_RUNPATH_SEARCH_PATHS = (
					"$(inherited)",
					"@executable_path/../Frameworks",
				);
				PRODUCT_BUNDLE_IDENTIFIER = "com.mpivchev.DI-fm-App";
				PRODUCT_NAME = "$(TARGET_NAME)";
				SWIFT_VERSION = 5.0;
			};
			name = Debug;
		};
		C086B37226C434E600339405 /* Release */ = {
			isa = XCBuildConfiguration;
			buildSettings = {
				ASSETCATALOG_COMPILER_APPICON_NAME = AppIcon;
				ASSETCATALOG_COMPILER_GLOBAL_ACCENT_COLOR_NAME = AccentColor;
				CODE_SIGN_ENTITLEMENTS = "DI.fm App/DI_fm_App.entitlements";
				CODE_SIGN_STYLE = Automatic;
				COMBINE_HIDPI_IMAGES = YES;
				DEVELOPMENT_TEAM = NB9H4QZ367;
				ENABLE_HARDENED_RUNTIME = YES;
				INFOPLIST_FILE = "DI.fm App/Info.plist";
				LD_RUNPATH_SEARCH_PATHS = (
					"$(inherited)",
					"@executable_path/../Frameworks",
				);
				PRODUCT_BUNDLE_IDENTIFIER = "com.mpivchev.DI-fm-App";
				PRODUCT_NAME = "$(TARGET_NAME)";
				SWIFT_VERSION = 5.0;
			};
			name = Release;
		};
/* End XCBuildConfiguration section */

/* Begin XCConfigurationList section */
		C086B35B26C434E100339405 /* Build configuration list for PBXProject "DI.fm App" */ = {
			isa = XCConfigurationList;
			buildConfigurations = (
				C086B36E26C434E600339405 /* Debug */,
				C086B36F26C434E600339405 /* Release */,
			);
			defaultConfigurationIsVisible = 0;
			defaultConfigurationName = Release;
		};
		C086B37026C434E600339405 /* Build configuration list for PBXNativeTarget "DI.fm App" */ = {
			isa = XCConfigurationList;
			buildConfigurations = (
				C086B37126C434E600339405 /* Debug */,
				C086B37226C434E600339405 /* Release */,
			);
			defaultConfigurationIsVisible = 0;
			defaultConfigurationName = Release;
		};
/* End XCConfigurationList section */

/* Begin XCRemoteSwiftPackageReference section */
		C086B37326C435F000339405 /* XCRemoteSwiftPackageReference "SnapKit" */ = {
			isa = XCRemoteSwiftPackageReference;
			repositoryURL = "https://github.com/SnapKit/SnapKit.git";
			requirement = {
				kind = upToNextMajorVersion;
				minimumVersion = 5.0.1;
			};
		};
		C086B37626C4360A00339405 /* XCRemoteSwiftPackageReference "LoremSwiftum" */ = {
			isa = XCRemoteSwiftPackageReference;
			repositoryURL = "https://github.com/lukaskubanek/LoremSwiftum.git";
			requirement = {
				kind = upToNextMajorVersion;
				minimumVersion = 2.2.1;
			};
		};
		C099357326C44D8D006E8B60 /* XCRemoteSwiftPackageReference "Alamofire" */ = {
			isa = XCRemoteSwiftPackageReference;
			repositoryURL = "https://github.com/Alamofire/Alamofire.git";
			requirement = {
				kind = upToNextMajorVersion;
				minimumVersion = 5.4.3;
			};
		};
		C099357626C44DF4006E8B60 /* XCRemoteSwiftPackageReference "Kingfisher" */ = {
			isa = XCRemoteSwiftPackageReference;
			repositoryURL = "https://github.com/onevcat/Kingfisher.git";
			requirement = {
				kind = upToNextMajorVersion;
				minimumVersion = 6.3.1;
			};
		};
/* End XCRemoteSwiftPackageReference section */

/* Begin XCSwiftPackageProductDependency section */
		C086B37426C435F000339405 /* SnapKit */ = {
			isa = XCSwiftPackageProductDependency;
			package = C086B37326C435F000339405 /* XCRemoteSwiftPackageReference "SnapKit" */;
			productName = SnapKit;
		};
		C086B37726C4360A00339405 /* LoremSwiftum */ = {
			isa = XCSwiftPackageProductDependency;
			package = C086B37626C4360A00339405 /* XCRemoteSwiftPackageReference "LoremSwiftum" */;
			productName = LoremSwiftum;
		};
		C099357426C44D8D006E8B60 /* Alamofire */ = {
			isa = XCSwiftPackageProductDependency;
			package = C099357326C44D8D006E8B60 /* XCRemoteSwiftPackageReference "Alamofire" */;
			productName = Alamofire;
		};
		C099357726C44DF4006E8B60 /* Kingfisher */ = {
			isa = XCSwiftPackageProductDependency;
			package = C099357626C44DF4006E8B60 /* XCRemoteSwiftPackageReference "Kingfisher" */;
			productName = Kingfisher;
		};
/* End XCSwiftPackageProductDependency section */
	};
	rootObject = C086B35826C434E100339405 /* Project object */;
}
